// !$*UTF8*$!
{
	archiveVersion = 1;
	classes = {
	};
	objectVersion = 77;
	objects = {

/* Begin PBXBuildFile section */
		B049A3832DB0237300FA172C /* URLImageCache.swift in Sources */ = {isa = PBXBuildFile; fileRef = B049A3822DB0237300FA172C /* URLImageCache.swift */; };
		B053618A2D821B3300BE41F0 /* CoreDataLigasEcStore.swift in Sources */ = {isa = PBXBuildFile; fileRef = B053615F2D821B3300BE41F0 /* CoreDataLigasEcStore.swift */; };
		B053618B2D821B3300BE41F0 /* CoreDataLigasEcStore+ImageStore.swift in Sources */ = {isa = PBXBuildFile; fileRef = B05361602D821B3300BE41F0 /* CoreDataLigasEcStore+ImageStore.swift */; };
		B053618C2D821B3300BE41F0 /* CoreDataLigasEcStore+TeamStore.swift in Sources */ = {isa = PBXBuildFile; fileRef = B05361612D821B3300BE41F0 /* CoreDataLigasEcStore+TeamStore.swift */; };
		B053618D2D821B3300BE41F0 /* LigasEcStore.xcdatamodeld in Sources */ = {isa = PBXBuildFile; fileRef = B05361622D821B3300BE41F0 /* LigasEcStore.xcdatamodeld */; };
		B053618E2D821B3300BE41F0 /* ManagedCache.swift in Sources */ = {isa = PBXBuildFile; fileRef = B05361632D821B3300BE41F0 /* ManagedCache.swift */; };
		B053618F2D821B3300BE41F0 /* ManagedTeam.swift in Sources */ = {isa = PBXBuildFile; fileRef = B05361642D821B3300BE41F0 /* ManagedTeam.swift */; };
		B05361942D821B3300BE41F0 /* CachePolicy.swift in Sources */ = {isa = PBXBuildFile; fileRef = B053616D2D821B3300BE41F0 /* CachePolicy.swift */; };
		B053619E2D821B3300BE41F0 /* KeychainManager.swift in Sources */ = {isa = PBXBuildFile; fileRef = B05361842D821B3300BE41F0 /* KeychainManager.swift */; };
		B053619F2D821B3300BE41F0 /* LigasEcApp.swift in Sources */ = {isa = PBXBuildFile; fileRef = B05361852D821B3300BE41F0 /* LigasEcApp.swift */; };
		B05361A02D821B3300BE41F0 /* Preview Assets.xcassets in Resources */ = {isa = PBXBuildFile; fileRef = B053617C2D821B3300BE41F0 /* Preview Assets.xcassets */; };
		B05361A12D821B3300BE41F0 /* Assets.xcassets in Resources */ = {isa = PBXBuildFile; fileRef = B053617E2D821B3300BE41F0 /* Assets.xcassets */; };
		B05361A22D821B3300BE41F0 /* LigasEc.xcstrings in Resources */ = {isa = PBXBuildFile; fileRef = B053617F2D821B3300BE41F0 /* LigasEc.xcstrings */; };
		B05361EB2D821B8500BE41F0 /* ValidateCacheTests.swift in Sources */ = {isa = PBXBuildFile; fileRef = B05361D72D821B8500BE41F0 /* ValidateCacheTests.swift */; };
		B05361EC2D821B8500BE41F0 /* LocalizationTests+Helpers.swift in Sources */ = {isa = PBXBuildFile; fileRef = B05361D92D821B8500BE41F0 /* LocalizationTests+Helpers.swift */; };
		B05361ED2D821B8500BE41F0 /* LeagueLocalizedTests.swift in Sources */ = {isa = PBXBuildFile; fileRef = B05361DB2D821B8500BE41F0 /* LeagueLocalizedTests.swift */; };
		B053621C2D82326900BE41F0 /* CoreDataLigasEcStore+LeagueStore.swift in Sources */ = {isa = PBXBuildFile; fileRef = B053621B2D82326900BE41F0 /* CoreDataLigasEcStore+LeagueStore.swift */; };
		B053621E2D8232CA00BE41F0 /* ManagedLeague.swift in Sources */ = {isa = PBXBuildFile; fileRef = B053621D2D8232CA00BE41F0 /* ManagedLeague.swift */; };
		B05362272D82AB3B00BE41F0 /* ManagedPlayer.swift in Sources */ = {isa = PBXBuildFile; fileRef = B05362262D82AB3B00BE41F0 /* ManagedPlayer.swift */; };
		B05362322D82ACFA00BE41F0 /* CoreDataLigasEcStore+PlayerStore.swift in Sources */ = {isa = PBXBuildFile; fileRef = B05362312D82ACFA00BE41F0 /* CoreDataLigasEcStore+PlayerStore.swift */; };
		B08CFD672DFB86D700F4D8FD /* Config.xcconfig in Resources */ = {isa = PBXBuildFile; fileRef = B08CFD662DFB86D700F4D8FD /* Config.xcconfig */; };
		B08CFE6F2DFBA6C700F4D8FD /* SettingsView.swift in Sources */ = {isa = PBXBuildFile; fileRef = B08CFE6E2DFBA6C700F4D8FD /* SettingsView.swift */; };
		B09758012DDE806500F99E45 /* KeychainManagerTests.swift in Sources */ = {isa = PBXBuildFile; fileRef = B09758002DDE806500F99E45 /* KeychainManagerTests.swift */; };
		B0C1AE922E3A7E2D0077D6CA /* ImageRepository.swift in Sources */ = {isa = PBXBuildFile; fileRef = B0C1AE8B2E3A7E2D0077D6CA /* ImageRepository.swift */; };
		B0C1AE932E3A7E2D0077D6CA /* LeagueRepository.swift in Sources */ = {isa = PBXBuildFile; fileRef = B0C1AE8C2E3A7E2D0077D6CA /* LeagueRepository.swift */; };
		B0C1AE942E3A7E2D0077D6CA /* PlayerRepository.swift in Sources */ = {isa = PBXBuildFile; fileRef = B0C1AE8D2E3A7E2D0077D6CA /* PlayerRepository.swift */; };
		B0C1AE952E3A7E2D0077D6CA /* TeamRepository.swift in Sources */ = {isa = PBXBuildFile; fileRef = B0C1AE8E2E3A7E2D0077D6CA /* TeamRepository.swift */; };
		B0C1AE962E3A7E2D0077D6CA /* Composer.swift in Sources */ = {isa = PBXBuildFile; fileRef = B0C1AE902E3A7E2D0077D6CA /* Composer.swift */; };
		B0CCD60D2DE8D73700AE51EE /* ImageMapper.swift in Sources */ = {isa = PBXBuildFile; fileRef = B0CCD6072DE8D73700AE51EE /* ImageMapper.swift */; };
		B0CCD61C2DE8D75100AE51EE /* ImageMapperTests.swift in Sources */ = {isa = PBXBuildFile; fileRef = B0CCD6182DE8D75100AE51EE /* ImageMapperTests.swift */; };
		B0CCD62C2DE8D79200AE51EE /* URLSessionHTTPClientTests.swift in Sources */ = {isa = PBXBuildFile; fileRef = B0CCD6292DE8D79200AE51EE /* URLSessionHTTPClientTests.swift */; };
		B0CCD62E2DE8D79200AE51EE /* URLSessionSpy.swift in Sources */ = {isa = PBXBuildFile; fileRef = B0CCD6272DE8D79200AE51EE /* URLSessionSpy.swift */; };
		B0F482382D920BF400874AA8 /* README.md in Resources */ = {isa = PBXBuildFile; fileRef = B0F482372D920BF400874AA8 /* README.md */; };
/* End PBXBuildFile section */

/* Begin PBXContainerItemProxy section */
		B03E6F9E2D6CE45000DE1485 /* PBXContainerItemProxy */ = {
			isa = PBXContainerItemProxy;
			containerPortal = B03E6F852D6CE44F00DE1485 /* Project object */;
			proxyType = 1;
			remoteGlobalIDString = B03E6F8C2D6CE44F00DE1485;
			remoteInfo = LigasEcApp;
		};
/* End PBXContainerItemProxy section */

/* Begin PBXFileReference section */
		B03E6F8D2D6CE44F00DE1485 /* LigasEcApp.app */ = {isa = PBXFileReference; explicitFileType = wrapper.application; includeInIndex = 0; path = LigasEcApp.app; sourceTree = BUILT_PRODUCTS_DIR; };
		B03E6F9D2D6CE45000DE1485 /* LigasEcAppTests.xctest */ = {isa = PBXFileReference; explicitFileType = wrapper.cfbundle; includeInIndex = 0; path = LigasEcAppTests.xctest; sourceTree = BUILT_PRODUCTS_DIR; };
		B049A3822DB0237300FA172C /* URLImageCache.swift */ = {isa = PBXFileReference; lastKnownFileType = sourcecode.swift; path = URLImageCache.swift; sourceTree = "<group>"; };
		B053615F2D821B3300BE41F0 /* CoreDataLigasEcStore.swift */ = {isa = PBXFileReference; lastKnownFileType = sourcecode.swift; path = CoreDataLigasEcStore.swift; sourceTree = "<group>"; };
		B05361602D821B3300BE41F0 /* CoreDataLigasEcStore+ImageStore.swift */ = {isa = PBXFileReference; lastKnownFileType = sourcecode.swift; path = "CoreDataLigasEcStore+ImageStore.swift"; sourceTree = "<group>"; };
		B05361612D821B3300BE41F0 /* CoreDataLigasEcStore+TeamStore.swift */ = {isa = PBXFileReference; lastKnownFileType = sourcecode.swift; path = "CoreDataLigasEcStore+TeamStore.swift"; sourceTree = "<group>"; };
		B05361632D821B3300BE41F0 /* ManagedCache.swift */ = {isa = PBXFileReference; lastKnownFileType = sourcecode.swift; path = ManagedCache.swift; sourceTree = "<group>"; };
		B05361642D821B3300BE41F0 /* ManagedTeam.swift */ = {isa = PBXFileReference; lastKnownFileType = sourcecode.swift; path = ManagedTeam.swift; sourceTree = "<group>"; };
		B053616D2D821B3300BE41F0 /* CachePolicy.swift */ = {isa = PBXFileReference; lastKnownFileType = sourcecode.swift; path = CachePolicy.swift; sourceTree = "<group>"; };
		B053617C2D821B3300BE41F0 /* Preview Assets.xcassets */ = {isa = PBXFileReference; lastKnownFileType = folder.assetcatalog; path = "Preview Assets.xcassets"; sourceTree = "<group>"; };
		B053617E2D821B3300BE41F0 /* Assets.xcassets */ = {isa = PBXFileReference; lastKnownFileType = folder.assetcatalog; path = Assets.xcassets; sourceTree = "<group>"; };
		B053617F2D821B3300BE41F0 /* LigasEc.xcstrings */ = {isa = PBXFileReference; lastKnownFileType = text.json.xcstrings; path = LigasEc.xcstrings; sourceTree = "<group>"; };
		B05361832D821B3300BE41F0 /* Info.plist */ = {isa = PBXFileReference; lastKnownFileType = text.plist.xml; path = Info.plist; sourceTree = "<group>"; };
		B05361842D821B3300BE41F0 /* KeychainManager.swift */ = {isa = PBXFileReference; lastKnownFileType = sourcecode.swift; path = KeychainManager.swift; sourceTree = "<group>"; };
		B05361852D821B3300BE41F0 /* LigasEcApp.swift */ = {isa = PBXFileReference; lastKnownFileType = sourcecode.swift; path = LigasEcApp.swift; sourceTree = "<group>"; };
		B05361872D821B3300BE41F0 /* LigasEcStore.xcdatamodel */ = {isa = PBXFileReference; lastKnownFileType = wrapper.xcdatamodel; path = LigasEcStore.xcdatamodel; sourceTree = "<group>"; };
		B05361D72D821B8500BE41F0 /* ValidateCacheTests.swift */ = {isa = PBXFileReference; lastKnownFileType = sourcecode.swift; path = ValidateCacheTests.swift; sourceTree = "<group>"; };
		B05361D92D821B8500BE41F0 /* LocalizationTests+Helpers.swift */ = {isa = PBXFileReference; lastKnownFileType = sourcecode.swift; path = "LocalizationTests+Helpers.swift"; sourceTree = "<group>"; };
		B05361DB2D821B8500BE41F0 /* LeagueLocalizedTests.swift */ = {isa = PBXFileReference; lastKnownFileType = sourcecode.swift; path = LeagueLocalizedTests.swift; sourceTree = "<group>"; };
		B053621B2D82326900BE41F0 /* CoreDataLigasEcStore+LeagueStore.swift */ = {isa = PBXFileReference; lastKnownFileType = sourcecode.swift; path = "CoreDataLigasEcStore+LeagueStore.swift"; sourceTree = "<group>"; };
		B053621D2D8232CA00BE41F0 /* ManagedLeague.swift */ = {isa = PBXFileReference; lastKnownFileType = sourcecode.swift; path = ManagedLeague.swift; sourceTree = "<group>"; };
		B05362262D82AB3B00BE41F0 /* ManagedPlayer.swift */ = {isa = PBXFileReference; lastKnownFileType = sourcecode.swift; path = ManagedPlayer.swift; sourceTree = "<group>"; };
		B05362312D82ACFA00BE41F0 /* CoreDataLigasEcStore+PlayerStore.swift */ = {isa = PBXFileReference; lastKnownFileType = sourcecode.swift; path = "CoreDataLigasEcStore+PlayerStore.swift"; sourceTree = "<group>"; };
		B08CFD662DFB86D700F4D8FD /* Config.xcconfig */ = {isa = PBXFileReference; lastKnownFileType = text.xcconfig; path = Config.xcconfig; sourceTree = "<group>"; };
		B08CFE6E2DFBA6C700F4D8FD /* SettingsView.swift */ = {isa = PBXFileReference; lastKnownFileType = sourcecode.swift; path = SettingsView.swift; sourceTree = "<group>"; };
		B09758002DDE806500F99E45 /* KeychainManagerTests.swift */ = {isa = PBXFileReference; lastKnownFileType = sourcecode.swift; path = KeychainManagerTests.swift; sourceTree = "<group>"; };
		B0C1AE8B2E3A7E2D0077D6CA /* ImageRepository.swift */ = {isa = PBXFileReference; lastKnownFileType = sourcecode.swift; path = ImageRepository.swift; sourceTree = "<group>"; };
		B0C1AE8C2E3A7E2D0077D6CA /* LeagueRepository.swift */ = {isa = PBXFileReference; lastKnownFileType = sourcecode.swift; path = LeagueRepository.swift; sourceTree = "<group>"; };
		B0C1AE8D2E3A7E2D0077D6CA /* PlayerRepository.swift */ = {isa = PBXFileReference; lastKnownFileType = sourcecode.swift; path = PlayerRepository.swift; sourceTree = "<group>"; };
		B0C1AE8E2E3A7E2D0077D6CA /* TeamRepository.swift */ = {isa = PBXFileReference; lastKnownFileType = sourcecode.swift; path = TeamRepository.swift; sourceTree = "<group>"; };
		B0C1AE902E3A7E2D0077D6CA /* Composer.swift */ = {isa = PBXFileReference; lastKnownFileType = sourcecode.swift; path = Composer.swift; sourceTree = "<group>"; };
		B0CCD6072DE8D73700AE51EE /* ImageMapper.swift */ = {isa = PBXFileReference; lastKnownFileType = sourcecode.swift; path = ImageMapper.swift; sourceTree = "<group>"; };
		B0CCD6182DE8D75100AE51EE /* ImageMapperTests.swift */ = {isa = PBXFileReference; lastKnownFileType = sourcecode.swift; path = ImageMapperTests.swift; sourceTree = "<group>"; };
		B0CCD6272DE8D79200AE51EE /* URLSessionSpy.swift */ = {isa = PBXFileReference; lastKnownFileType = sourcecode.swift; path = URLSessionSpy.swift; sourceTree = "<group>"; };
		B0CCD6292DE8D79200AE51EE /* URLSessionHTTPClientTests.swift */ = {isa = PBXFileReference; lastKnownFileType = sourcecode.swift; path = URLSessionHTTPClientTests.swift; sourceTree = "<group>"; };
		B0F482372D920BF400874AA8 /* README.md */ = {isa = PBXFileReference; lastKnownFileType = net.daringfireball.markdown; path = README.md; sourceTree = "<group>"; };
/* End PBXFileReference section */

/* Begin PBXFileSystemSynchronizedRootGroup section */
		B05361A72D821B4300BE41F0 /* Image */ = {
			isa = PBXFileSystemSynchronizedRootGroup;
			path = Image;
			sourceTree = "<group>";
		};
		B05361AD2D821B4600BE41F0 /* Team */ = {
			isa = PBXFileSystemSynchronizedRootGroup;
			path = Team;
			sourceTree = "<group>";
		};
		B05361B32D821B5A00BE41F0 /* Image */ = {
			isa = PBXFileSystemSynchronizedRootGroup;
			path = Image;
			sourceTree = "<group>";
		};
		B05361B82D821B5D00BE41F0 /* League */ = {
			isa = PBXFileSystemSynchronizedRootGroup;
			path = League;
			sourceTree = "<group>";
		};
		B05361BD2D821B5F00BE41F0 /* Player */ = {
			isa = PBXFileSystemSynchronizedRootGroup;
			path = Player;
			sourceTree = "<group>";
		};
		B05361C22D821B6100BE41F0 /* Team */ = {
			isa = PBXFileSystemSynchronizedRootGroup;
			path = Team;
			sourceTree = "<group>";
		};
		B05361F12D821B8A00BE41F0 /* Helpers */ = {
			isa = PBXFileSystemSynchronizedRootGroup;
			path = Helpers;
			sourceTree = "<group>";
		};
		B05361F72D821B8F00BE41F0 /* Image */ = {
			isa = PBXFileSystemSynchronizedRootGroup;
			path = Image;
			sourceTree = "<group>";
		};
		B05361FC2D821B9400BE41F0 /* Team */ = {
			isa = PBXFileSystemSynchronizedRootGroup;
			path = Team;
			sourceTree = "<group>";
		};
		B05362112D821BD600BE41F0 /* Infra */ = {
			isa = PBXFileSystemSynchronizedRootGroup;
			path = Infra;
			sourceTree = "<group>";
		};
		B05362222D829A3400BE41F0 /* League */ = {
			isa = PBXFileSystemSynchronizedRootGroup;
			path = League;
			sourceTree = "<group>";
		};
		B05362282D82ABCB00BE41F0 /* Player */ = {
			isa = PBXFileSystemSynchronizedRootGroup;
			path = Player;
			sourceTree = "<group>";
		};
		B0CCD6002DE8D73700AE51EE /* League */ = {
			isa = PBXFileSystemSynchronizedRootGroup;
			path = League;
			sourceTree = "<group>";
		};
		B0CCD6032DE8D73700AE51EE /* Team */ = {
			isa = PBXFileSystemSynchronizedRootGroup;
			path = Team;
			sourceTree = "<group>";
		};
		B0CCD6062DE8D73700AE51EE /* Player */ = {
			isa = PBXFileSystemSynchronizedRootGroup;
			path = Player;
			sourceTree = "<group>";
		};
		B0CCD6112DE8D75100AE51EE /* League */ = {
			isa = PBXFileSystemSynchronizedRootGroup;
			path = League;
			sourceTree = "<group>";
		};
		B0CCD6142DE8D75100AE51EE /* Team */ = {
			isa = PBXFileSystemSynchronizedRootGroup;
			path = Team;
			sourceTree = "<group>";
		};
		B0CCD6172DE8D75100AE51EE /* Player */ = {
			isa = PBXFileSystemSynchronizedRootGroup;
			path = Player;
			sourceTree = "<group>";
		};
		B0CCD6212DE8D76500AE51EE /* Infra */ = {
			isa = PBXFileSystemSynchronizedRootGroup;
			path = Infra;
			sourceTree = "<group>";
		};
		B0F3D1192DBC580F0091CC10 /* Player */ = {
			isa = PBXFileSystemSynchronizedRootGroup;
			path = Player;
			sourceTree = "<group>";
		};
		B0F482302D91D20500874AA8 /* League */ = {
			isa = PBXFileSystemSynchronizedRootGroup;
			path = League;
			sourceTree = "<group>";
		};
		B0F4823F2D93467E00874AA8 /* InMemory */ = {
			isa = PBXFileSystemSynchronizedRootGroup;
			path = InMemory;
			sourceTree = "<group>";
		};
/* End PBXFileSystemSynchronizedRootGroup section */

/* Begin PBXFrameworksBuildPhase section */
		B03E6F8A2D6CE44F00DE1485 /* Frameworks */ = {
			isa = PBXFrameworksBuildPhase;
			buildActionMask = 2147483647;
			files = (
			);
			runOnlyForDeploymentPostprocessing = 0;
		};
		B03E6F9A2D6CE45000DE1485 /* Frameworks */ = {
			isa = PBXFrameworksBuildPhase;
			buildActionMask = 2147483647;
			files = (
			);
			runOnlyForDeploymentPostprocessing = 0;
		};
/* End PBXFrameworksBuildPhase section */

/* Begin PBXGroup section */
		B03E6F842D6CE44F00DE1485 = {
			isa = PBXGroup;
			children = (
				B0F482372D920BF400874AA8 /* README.md */,
				B05361862D821B3300BE41F0 /* LigasEcApp */,
				B05361DD2D821B8500BE41F0 /* LigasEcAppTests */,
				B03E6F8E2D6CE44F00DE1485 /* Products */,
			);
			sourceTree = "<group>";
		};
		B03E6F8E2D6CE44F00DE1485 /* Products */ = {
			isa = PBXGroup;
			children = (
				B03E6F8D2D6CE44F00DE1485 /* LigasEcApp.app */,
				B03E6F9D2D6CE45000DE1485 /* LigasEcAppTests.xctest */,
			);
			name = Products;
			sourceTree = "<group>";
		};
		B05361652D821B3300BE41F0 /* CoreData */ = {
			isa = PBXGroup;
			children = (
				B053615F2D821B3300BE41F0 /* CoreDataLigasEcStore.swift */,
				B053621B2D82326900BE41F0 /* CoreDataLigasEcStore+LeagueStore.swift */,
				B05361612D821B3300BE41F0 /* CoreDataLigasEcStore+TeamStore.swift */,
				B05362312D82ACFA00BE41F0 /* CoreDataLigasEcStore+PlayerStore.swift */,
				B05361602D821B3300BE41F0 /* CoreDataLigasEcStore+ImageStore.swift */,
				B05361622D821B3300BE41F0 /* LigasEcStore.xcdatamodeld */,
				B05361632D821B3300BE41F0 /* ManagedCache.swift */,
				B05361642D821B3300BE41F0 /* ManagedTeam.swift */,
				B053621D2D8232CA00BE41F0 /* ManagedLeague.swift */,
				B05362262D82AB3B00BE41F0 /* ManagedPlayer.swift */,
				B049A3822DB0237300FA172C /* URLImageCache.swift */,
			);
			path = CoreData;
			sourceTree = "<group>";
		};
		B05361682D821B3300BE41F0 /* Infra */ = {
			isa = PBXGroup;
			children = (
				B05361652D821B3300BE41F0 /* CoreData */,
				B0F4823F2D93467E00874AA8 /* InMemory */,
			);
			path = Infra;
			sourceTree = "<group>";
		};
		B053616E2D821B3300BE41F0 /* LigasEcCache */ = {
			isa = PBXGroup;
			children = (
				B05362282D82ABCB00BE41F0 /* Player */,
				B05362222D829A3400BE41F0 /* League */,
				B05361AD2D821B4600BE41F0 /* Team */,
				B05361A72D821B4300BE41F0 /* Image */,
				B05361682D821B3300BE41F0 /* Infra */,
				B053616D2D821B3300BE41F0 /* CachePolicy.swift */,
			);
			path = LigasEcCache;
			sourceTree = "<group>";
		};
		B053617B2D821B3300BE41F0 /* LigasEcUI */ = {
			isa = PBXGroup;
			children = (
				B05361B82D821B5D00BE41F0 /* League */,
				B05361C22D821B6100BE41F0 /* Team */,
				B05361BD2D821B5F00BE41F0 /* Player */,
				B05361B32D821B5A00BE41F0 /* Image */,
				B08CFE6E2DFBA6C700F4D8FD /* SettingsView.swift */,
			);
			path = LigasEcUI;
			sourceTree = "<group>";
		};
		B053617D2D821B3300BE41F0 /* Preview Content */ = {
			isa = PBXGroup;
			children = (
				B053617C2D821B3300BE41F0 /* Preview Assets.xcassets */,
			);
			path = "Preview Content";
			sourceTree = "<group>";
		};
		B05361802D821B3300BE41F0 /* Utils */ = {
			isa = PBXGroup;
			children = (
				B053617D2D821B3300BE41F0 /* Preview Content */,
				B053617E2D821B3300BE41F0 /* Assets.xcassets */,
				B053617F2D821B3300BE41F0 /* LigasEc.xcstrings */,
			);
			path = Utils;
			sourceTree = "<group>";
		};
		B05361862D821B3300BE41F0 /* LigasEcApp */ = {
			isa = PBXGroup;
			children = (
				B0C1AE912E3A7E2D0077D6CA /* Core */,
				B0CCD6082DE8D73700AE51EE /* LigasEcAPI */,
				B053616E2D821B3300BE41F0 /* LigasEcCache */,
				B053617B2D821B3300BE41F0 /* LigasEcUI */,
				B05361802D821B3300BE41F0 /* Utils */,
				B05361852D821B3300BE41F0 /* LigasEcApp.swift */,
				B08CFD662DFB86D700F4D8FD /* Config.xcconfig */,
				B05361832D821B3300BE41F0 /* Info.plist */,
			);
			path = LigasEcApp;
			sourceTree = "<group>";
		};
		B05361D82D821B8500BE41F0 /* LigasEcCacheTests */ = {
			isa = PBXGroup;
			children = (
				B0F3D1192DBC580F0091CC10 /* Player */,
				B0F482302D91D20500874AA8 /* League */,
				B05361F12D821B8A00BE41F0 /* Helpers */,
				B05361FC2D821B9400BE41F0 /* Team */,
				B05361F72D821B8F00BE41F0 /* Image */,
				B05362112D821BD600BE41F0 /* Infra */,
				B05361D72D821B8500BE41F0 /* ValidateCacheTests.swift */,
			);
			path = LigasEcCacheTests;
			sourceTree = "<group>";
		};
		B05361DA2D821B8500BE41F0 /* Helpers */ = {
			isa = PBXGroup;
			children = (
				B05361D92D821B8500BE41F0 /* LocalizationTests+Helpers.swift */,
			);
			path = Helpers;
			sourceTree = "<group>";
		};
		B05361DC2D821B8500BE41F0 /* LigasEcUI */ = {
			isa = PBXGroup;
			children = (
				B05361DA2D821B8500BE41F0 /* Helpers */,
				B05361DB2D821B8500BE41F0 /* LeagueLocalizedTests.swift */,
			);
			path = LigasEcUI;
			sourceTree = "<group>";
		};
		B05361DD2D821B8500BE41F0 /* LigasEcAppTests */ = {
			isa = PBXGroup;
			children = (
				B0CCD62A2DE8D79200AE51EE /* SharedAPITests */,
				B0CCD6192DE8D75100AE51EE /* LigasEcAPITests */,
				B05361D82D821B8500BE41F0 /* LigasEcCacheTests */,
				B05361DC2D821B8500BE41F0 /* LigasEcUI */,
				B09758002DDE806500F99E45 /* KeychainManagerTests.swift */,
			);
			path = LigasEcAppTests;
			sourceTree = "<group>";
		};
		B0C1AE8F2E3A7E2D0077D6CA /* Repositories */ = {
			isa = PBXGroup;
			children = (
				B0C1AE8C2E3A7E2D0077D6CA /* LeagueRepository.swift */,
				B0C1AE8E2E3A7E2D0077D6CA /* TeamRepository.swift */,
				B0C1AE8D2E3A7E2D0077D6CA /* PlayerRepository.swift */,
				B0C1AE8B2E3A7E2D0077D6CA /* ImageRepository.swift */,
			);
			path = Repositories;
			sourceTree = "<group>";
		};
		B0C1AE912E3A7E2D0077D6CA /* Core */ = {
			isa = PBXGroup;
			children = (
				B0C1AE902E3A7E2D0077D6CA /* Composer.swift */,
				B05361842D821B3300BE41F0 /* KeychainManager.swift */,
				B0C1AE8F2E3A7E2D0077D6CA /* Repositories */,
			);
			path = Core;
			sourceTree = "<group>";
		};
		B0CCD6082DE8D73700AE51EE /* LigasEcAPI */ = {
			isa = PBXGroup;
			children = (
				B0CCD6212DE8D76500AE51EE /* Infra */,
				B0CCD6002DE8D73700AE51EE /* League */,
				B0CCD6032DE8D73700AE51EE /* Team */,
				B0CCD6062DE8D73700AE51EE /* Player */,
				B0CCD6072DE8D73700AE51EE /* ImageMapper.swift */,
			);
			path = LigasEcAPI;
			sourceTree = "<group>";
		};
		B0CCD6192DE8D75100AE51EE /* LigasEcAPITests */ = {
			isa = PBXGroup;
			children = (
				B0CCD6112DE8D75100AE51EE /* League */,
				B0CCD6142DE8D75100AE51EE /* Team */,
				B0CCD6172DE8D75100AE51EE /* Player */,
				B0CCD6182DE8D75100AE51EE /* ImageMapperTests.swift */,
			);
			path = LigasEcAPITests;
			sourceTree = "<group>";
		};
		B0CCD6282DE8D79200AE51EE /* Helpers */ = {
			isa = PBXGroup;
			children = (
				B0CCD6272DE8D79200AE51EE /* URLSessionSpy.swift */,
			);
			path = Helpers;
			sourceTree = "<group>";
		};
		B0CCD62A2DE8D79200AE51EE /* SharedAPITests */ = {
			isa = PBXGroup;
			children = (
				B0CCD6282DE8D79200AE51EE /* Helpers */,
				B0CCD6292DE8D79200AE51EE /* URLSessionHTTPClientTests.swift */,
			);
			path = SharedAPITests;
			sourceTree = "<group>";
		};
/* End PBXGroup section */

/* Begin PBXNativeTarget section */
		B03E6F8C2D6CE44F00DE1485 /* LigasEcApp */ = {
			isa = PBXNativeTarget;
			buildConfigurationList = B03E6FB12D6CE45000DE1485 /* Build configuration list for PBXNativeTarget "LigasEcApp" */;
			buildPhases = (
				B03E6F892D6CE44F00DE1485 /* Sources */,
				B03E6F8A2D6CE44F00DE1485 /* Frameworks */,
				B03E6F8B2D6CE44F00DE1485 /* Resources */,
			);
			buildRules = (
			);
			dependencies = (
			);
			fileSystemSynchronizedGroups = (
				B05361A72D821B4300BE41F0 /* Image */,
				B05361AD2D821B4600BE41F0 /* Team */,
				B05361B32D821B5A00BE41F0 /* Image */,
				B05361B82D821B5D00BE41F0 /* League */,
				B05361BD2D821B5F00BE41F0 /* Player */,
				B05361C22D821B6100BE41F0 /* Team */,
				B05362222D829A3400BE41F0 /* League */,
				B05362282D82ABCB00BE41F0 /* Player */,
				B0CCD6002DE8D73700AE51EE /* League */,
				B0CCD6032DE8D73700AE51EE /* Team */,
				B0CCD6062DE8D73700AE51EE /* Player */,
				B0CCD6212DE8D76500AE51EE /* Infra */,
				B0F4823F2D93467E00874AA8 /* InMemory */,
			);
			name = LigasEcApp;
			packageProductDependencies = (
			);
			productName = LigasEcApp;
			productReference = B03E6F8D2D6CE44F00DE1485 /* LigasEcApp.app */;
			productType = "com.apple.product-type.application";
		};
		B03E6F9C2D6CE45000DE1485 /* LigasEcAppTests */ = {
			isa = PBXNativeTarget;
			buildConfigurationList = B03E6FB42D6CE45000DE1485 /* Build configuration list for PBXNativeTarget "LigasEcAppTests" */;
			buildPhases = (
				B03E6F992D6CE45000DE1485 /* Sources */,
				B03E6F9A2D6CE45000DE1485 /* Frameworks */,
				B03E6F9B2D6CE45000DE1485 /* Resources */,
			);
			buildRules = (
			);
			dependencies = (
				B03E6F9F2D6CE45000DE1485 /* PBXTargetDependency */,
			);
			fileSystemSynchronizedGroups = (
				B05361F12D821B8A00BE41F0 /* Helpers */,
				B05361F72D821B8F00BE41F0 /* Image */,
				B05361FC2D821B9400BE41F0 /* Team */,
				B05362112D821BD600BE41F0 /* Infra */,
				B0CCD6112DE8D75100AE51EE /* League */,
				B0CCD6142DE8D75100AE51EE /* Team */,
				B0CCD6172DE8D75100AE51EE /* Player */,
				B0F3D1192DBC580F0091CC10 /* Player */,
				B0F482302D91D20500874AA8 /* League */,
			);
			name = LigasEcAppTests;
			packageProductDependencies = (
			);
			productName = LigasEcAppTests;
			productReference = B03E6F9D2D6CE45000DE1485 /* LigasEcAppTests.xctest */;
			productType = "com.apple.product-type.bundle.unit-test";
		};
/* End PBXNativeTarget section */

/* Begin PBXProject section */
		B03E6F852D6CE44F00DE1485 /* Project object */ = {
			isa = PBXProject;
			attributes = {
				BuildIndependentTargetsInParallel = 1;
				LastSwiftUpdateCheck = 1620;
				LastUpgradeCheck = 1630;
				TargetAttributes = {
					B03E6F8C2D6CE44F00DE1485 = {
						CreatedOnToolsVersion = 16.2;
					};
					B03E6F9C2D6CE45000DE1485 = {
						CreatedOnToolsVersion = 16.2;
						TestTargetID = B03E6F8C2D6CE44F00DE1485;
					};
				};
			};
			buildConfigurationList = B03E6F882D6CE44F00DE1485 /* Build configuration list for PBXProject "LigasEcApp" */;
			developmentRegion = "es-419";
			hasScannedForEncodings = 0;
			knownRegions = (
				en,
				Base,
				"es-419",
			);
			mainGroup = B03E6F842D6CE44F00DE1485;
			minimizedProjectReferenceProxies = 1;
			preferredProjectObjectVersion = 77;
			productRefGroup = B03E6F8E2D6CE44F00DE1485 /* Products */;
			projectDirPath = "";
			projectRoot = "";
			targets = (
				B03E6F8C2D6CE44F00DE1485 /* LigasEcApp */,
				B03E6F9C2D6CE45000DE1485 /* LigasEcAppTests */,
			);
		};
/* End PBXProject section */

/* Begin PBXResourcesBuildPhase section */
		B03E6F8B2D6CE44F00DE1485 /* Resources */ = {
			isa = PBXResourcesBuildPhase;
			buildActionMask = 2147483647;
			files = (
				B0F482382D920BF400874AA8 /* README.md in Resources */,
				B08CFD672DFB86D700F4D8FD /* Config.xcconfig in Resources */,
				B05361A02D821B3300BE41F0 /* Preview Assets.xcassets in Resources */,
				B05361A12D821B3300BE41F0 /* Assets.xcassets in Resources */,
				B05361A22D821B3300BE41F0 /* LigasEc.xcstrings in Resources */,
			);
			runOnlyForDeploymentPostprocessing = 0;
		};
		B03E6F9B2D6CE45000DE1485 /* Resources */ = {
			isa = PBXResourcesBuildPhase;
			buildActionMask = 2147483647;
			files = (
			);
			runOnlyForDeploymentPostprocessing = 0;
		};
/* End PBXResourcesBuildPhase section */

/* Begin PBXSourcesBuildPhase section */
		B03E6F892D6CE44F00DE1485 /* Sources */ = {
			isa = PBXSourcesBuildPhase;
			buildActionMask = 2147483647;
			files = (
				B0C1AE922E3A7E2D0077D6CA /* ImageRepository.swift in Sources */,
				B0C1AE932E3A7E2D0077D6CA /* LeagueRepository.swift in Sources */,
				B0C1AE942E3A7E2D0077D6CA /* PlayerRepository.swift in Sources */,
				B0C1AE952E3A7E2D0077D6CA /* TeamRepository.swift in Sources */,
				B0C1AE962E3A7E2D0077D6CA /* Composer.swift in Sources */,
				B053618A2D821B3300BE41F0 /* CoreDataLigasEcStore.swift in Sources */,
				B053618B2D821B3300BE41F0 /* CoreDataLigasEcStore+ImageStore.swift in Sources */,
				B053618C2D821B3300BE41F0 /* CoreDataLigasEcStore+TeamStore.swift in Sources */,
				B0CCD60D2DE8D73700AE51EE /* ImageMapper.swift in Sources */,
				B053618D2D821B3300BE41F0 /* LigasEcStore.xcdatamodeld in Sources */,
				B08CFE6F2DFBA6C700F4D8FD /* SettingsView.swift in Sources */,
				B053618E2D821B3300BE41F0 /* ManagedCache.swift in Sources */,
				B049A3832DB0237300FA172C /* URLImageCache.swift in Sources */,
				B053618F2D821B3300BE41F0 /* ManagedTeam.swift in Sources */,
				B05361942D821B3300BE41F0 /* CachePolicy.swift in Sources */,
				B053621E2D8232CA00BE41F0 /* ManagedLeague.swift in Sources */,
				B05362322D82ACFA00BE41F0 /* CoreDataLigasEcStore+PlayerStore.swift in Sources */,
				B053621C2D82326900BE41F0 /* CoreDataLigasEcStore+LeagueStore.swift in Sources */,
				B053619E2D821B3300BE41F0 /* KeychainManager.swift in Sources */,
				B05362272D82AB3B00BE41F0 /* ManagedPlayer.swift in Sources */,
				B053619F2D821B3300BE41F0 /* LigasEcApp.swift in Sources */,
			);
			runOnlyForDeploymentPostprocessing = 0;
		};
		B03E6F992D6CE45000DE1485 /* Sources */ = {
			isa = PBXSourcesBuildPhase;
			buildActionMask = 2147483647;
			files = (
				B05361EB2D821B8500BE41F0 /* ValidateCacheTests.swift in Sources */,
				B09758012DDE806500F99E45 /* KeychainManagerTests.swift in Sources */,
				B05361EC2D821B8500BE41F0 /* LocalizationTests+Helpers.swift in Sources */,
				B05361ED2D821B8500BE41F0 /* LeagueLocalizedTests.swift in Sources */,
				B0CCD61C2DE8D75100AE51EE /* ImageMapperTests.swift in Sources */,
				B0CCD62C2DE8D79200AE51EE /* URLSessionHTTPClientTests.swift in Sources */,
				B0CCD62E2DE8D79200AE51EE /* URLSessionSpy.swift in Sources */,
			);
			runOnlyForDeploymentPostprocessing = 0;
		};
/* End PBXSourcesBuildPhase section */

/* Begin PBXTargetDependency section */
		B03E6F9F2D6CE45000DE1485 /* PBXTargetDependency */ = {
			isa = PBXTargetDependency;
			target = B03E6F8C2D6CE44F00DE1485 /* LigasEcApp */;
			targetProxy = B03E6F9E2D6CE45000DE1485 /* PBXContainerItemProxy */;
		};
/* End PBXTargetDependency section */

/* Begin XCBuildConfiguration section */
		B03E6FAF2D6CE45000DE1485 /* Debug */ = {
			isa = XCBuildConfiguration;
			baseConfigurationReference = B08CFD662DFB86D700F4D8FD /* Config.xcconfig */;
			buildSettings = {
				ALWAYS_SEARCH_USER_PATHS = NO;
				ASSETCATALOG_COMPILER_GENERATE_SWIFT_ASSET_SYMBOL_EXTENSIONS = YES;
				CLANG_ANALYZER_LOCALIZABILITY_NONLOCALIZED = YES;
				CLANG_ANALYZER_NONNULL = YES;
				CLANG_ANALYZER_NUMBER_OBJECT_CONVERSION = YES_AGGRESSIVE;
				CLANG_CXX_LANGUAGE_STANDARD = "gnu++20";
				CLANG_ENABLE_MODULES = YES;
				CLANG_ENABLE_OBJC_ARC = YES;
				CLANG_ENABLE_OBJC_WEAK = YES;
				CLANG_WARN_BLOCK_CAPTURE_AUTORELEASING = YES;
				CLANG_WARN_BOOL_CONVERSION = YES;
				CLANG_WARN_COMMA = YES;
				CLANG_WARN_CONSTANT_CONVERSION = YES;
				CLANG_WARN_DEPRECATED_OBJC_IMPLEMENTATIONS = YES;
				CLANG_WARN_DIRECT_OBJC_ISA_USAGE = YES_ERROR;
				CLANG_WARN_DOCUMENTATION_COMMENTS = YES;
				CLANG_WARN_EMPTY_BODY = YES;
				CLANG_WARN_ENUM_CONVERSION = YES;
				CLANG_WARN_INFINITE_RECURSION = YES;
				CLANG_WARN_INT_CONVERSION = YES;
				CLANG_WARN_NON_LITERAL_NULL_CONVERSION = YES;
				CLANG_WARN_OBJC_IMPLICIT_RETAIN_SELF = YES;
				CLANG_WARN_OBJC_LITERAL_CONVERSION = YES;
				CLANG_WARN_OBJC_ROOT_CLASS = YES_ERROR;
				CLANG_WARN_QUOTED_INCLUDE_IN_FRAMEWORK_HEADER = YES;
				CLANG_WARN_RANGE_LOOP_ANALYSIS = YES;
				CLANG_WARN_STRICT_PROTOTYPES = YES;
				CLANG_WARN_SUSPICIOUS_MOVE = YES;
				CLANG_WARN_UNGUARDED_AVAILABILITY = YES_AGGRESSIVE;
				CLANG_WARN_UNREACHABLE_CODE = YES;
				CLANG_WARN__DUPLICATE_METHOD_MATCH = YES;
				COPY_PHASE_STRIP = NO;
				DEBUG_INFORMATION_FORMAT = dwarf;
				DEVELOPMENT_TEAM = 9V3336X7NB;
				ENABLE_STRICT_OBJC_MSGSEND = YES;
				ENABLE_TESTABILITY = YES;
				ENABLE_USER_SCRIPT_SANDBOXING = YES;
				GCC_C_LANGUAGE_STANDARD = gnu17;
				GCC_DYNAMIC_NO_PIC = NO;
				GCC_NO_COMMON_BLOCKS = YES;
				GCC_OPTIMIZATION_LEVEL = 0;
				GCC_PREPROCESSOR_DEFINITIONS = (
					"DEBUG=1",
					"$(inherited)",
				);
				GCC_WARN_64_TO_32_BIT_CONVERSION = YES;
				GCC_WARN_ABOUT_RETURN_TYPE = YES_ERROR;
				GCC_WARN_UNDECLARED_SELECTOR = YES;
				GCC_WARN_UNINITIALIZED_AUTOS = YES_AGGRESSIVE;
				GCC_WARN_UNUSED_FUNCTION = YES;
				GCC_WARN_UNUSED_VARIABLE = YES;
				IPHONEOS_DEPLOYMENT_TARGET = 18.2;
				LOCALIZATION_PREFERS_STRING_CATALOGS = YES;
				MTL_ENABLE_DEBUG_INFO = INCLUDE_SOURCE;
				MTL_FAST_MATH = YES;
				ONLY_ACTIVE_ARCH = YES;
				SDKROOT = iphoneos;
				SWIFT_ACTIVE_COMPILATION_CONDITIONS = "DEBUG $(inherited)";
				SWIFT_EMIT_LOC_STRINGS = YES;
				SWIFT_OPTIMIZATION_LEVEL = "-Onone";
			};
			name = Debug;
		};
		B03E6FB02D6CE45000DE1485 /* Release */ = {
			isa = XCBuildConfiguration;
			buildSettings = {
				ALWAYS_SEARCH_USER_PATHS = NO;
				ASSETCATALOG_COMPILER_GENERATE_SWIFT_ASSET_SYMBOL_EXTENSIONS = YES;
				CLANG_ANALYZER_LOCALIZABILITY_NONLOCALIZED = YES;
				CLANG_ANALYZER_NONNULL = YES;
				CLANG_ANALYZER_NUMBER_OBJECT_CONVERSION = YES_AGGRESSIVE;
				CLANG_CXX_LANGUAGE_STANDARD = "gnu++20";
				CLANG_ENABLE_MODULES = YES;
				CLANG_ENABLE_OBJC_ARC = YES;
				CLANG_ENABLE_OBJC_WEAK = YES;
				CLANG_WARN_BLOCK_CAPTURE_AUTORELEASING = YES;
				CLANG_WARN_BOOL_CONVERSION = YES;
				CLANG_WARN_COMMA = YES;
				CLANG_WARN_CONSTANT_CONVERSION = YES;
				CLANG_WARN_DEPRECATED_OBJC_IMPLEMENTATIONS = YES;
				CLANG_WARN_DIRECT_OBJC_ISA_USAGE = YES_ERROR;
				CLANG_WARN_DOCUMENTATION_COMMENTS = YES;
				CLANG_WARN_EMPTY_BODY = YES;
				CLANG_WARN_ENUM_CONVERSION = YES;
				CLANG_WARN_INFINITE_RECURSION = YES;
				CLANG_WARN_INT_CONVERSION = YES;
				CLANG_WARN_NON_LITERAL_NULL_CONVERSION = YES;
				CLANG_WARN_OBJC_IMPLICIT_RETAIN_SELF = YES;
				CLANG_WARN_OBJC_LITERAL_CONVERSION = YES;
				CLANG_WARN_OBJC_ROOT_CLASS = YES_ERROR;
				CLANG_WARN_QUOTED_INCLUDE_IN_FRAMEWORK_HEADER = YES;
				CLANG_WARN_RANGE_LOOP_ANALYSIS = YES;
				CLANG_WARN_STRICT_PROTOTYPES = YES;
				CLANG_WARN_SUSPICIOUS_MOVE = YES;
				CLANG_WARN_UNGUARDED_AVAILABILITY = YES_AGGRESSIVE;
				CLANG_WARN_UNREACHABLE_CODE = YES;
				CLANG_WARN__DUPLICATE_METHOD_MATCH = YES;
				COPY_PHASE_STRIP = NO;
				DEBUG_INFORMATION_FORMAT = "dwarf-with-dsym";
				DEVELOPMENT_TEAM = 9V3336X7NB;
				ENABLE_NS_ASSERTIONS = NO;
				ENABLE_STRICT_OBJC_MSGSEND = YES;
				ENABLE_USER_SCRIPT_SANDBOXING = YES;
				GCC_C_LANGUAGE_STANDARD = gnu17;
				GCC_NO_COMMON_BLOCKS = YES;
				GCC_WARN_64_TO_32_BIT_CONVERSION = YES;
				GCC_WARN_ABOUT_RETURN_TYPE = YES_ERROR;
				GCC_WARN_UNDECLARED_SELECTOR = YES;
				GCC_WARN_UNINITIALIZED_AUTOS = YES_AGGRESSIVE;
				GCC_WARN_UNUSED_FUNCTION = YES;
				GCC_WARN_UNUSED_VARIABLE = YES;
				IPHONEOS_DEPLOYMENT_TARGET = 18.2;
				LOCALIZATION_PREFERS_STRING_CATALOGS = YES;
				MTL_ENABLE_DEBUG_INFO = NO;
				MTL_FAST_MATH = YES;
				SDKROOT = iphoneos;
				SWIFT_COMPILATION_MODE = wholemodule;
				SWIFT_EMIT_LOC_STRINGS = YES;
				VALIDATE_PRODUCT = YES;
			};
			name = Release;
		};
		B03E6FB22D6CE45000DE1485 /* Debug */ = {
			isa = XCBuildConfiguration;
			buildSettings = {
				ASSETCATALOG_COMPILER_APPICON_NAME = AppIcon;
				ASSETCATALOG_COMPILER_GLOBAL_ACCENT_COLOR_NAME = AccentColor;
				CODE_SIGN_STYLE = Automatic;
				CURRENT_PROJECT_VERSION = 1;
				DEBUG_INFORMATION_FORMAT = "dwarf-with-dsym";
				DEVELOPMENT_ASSET_PATHS = "\"LigasEcApp/Utils/Preview Content\"";
				DEVELOPMENT_TEAM = 73PPY9ST8Z;
				ENABLE_PREVIEWS = YES;
				GENERATE_INFOPLIST_FILE = YES;
				INFOPLIST_FILE = LigasEcApp/Info.plist;
				INFOPLIST_KEY_CFBundleDisplayName = LigasEc;
				INFOPLIST_KEY_UIApplicationSceneManifest_Generation = YES;
				INFOPLIST_KEY_UIApplicationSupportsIndirectInputEvents = YES;
				INFOPLIST_KEY_UISupportedInterfaceOrientations = UIInterfaceOrientationPortrait;
				INFOPLIST_KEY_UISupportedInterfaceOrientations_iPad = "UIInterfaceOrientationLandscapeLeft UIInterfaceOrientationLandscapeRight UIInterfaceOrientationPortrait UIInterfaceOrientationPortraitUpsideDown";
				IPHONEOS_DEPLOYMENT_TARGET = 17.0;
				LD_RUNPATH_SEARCH_PATHS = (
					"$(inherited)",
					"@executable_path/Frameworks",
				);
				MARKETING_VERSION = 1.0;
				PRODUCT_BUNDLE_IDENTIFIER = com.joseb91.LigasEc;
				PRODUCT_NAME = "$(TARGET_NAME)";
				SUPPORTED_PLATFORMS = "iphoneos iphonesimulator";
				SUPPORTS_MACCATALYST = NO;
				SUPPORTS_MAC_DESIGNED_FOR_IPHONE_IPAD = NO;
				SUPPORTS_XR_DESIGNED_FOR_IPHONE_IPAD = NO;
				SWIFT_EMIT_LOC_STRINGS = YES;
				SWIFT_VERSION = 5.0;
				TARGETED_DEVICE_FAMILY = 1;
			};
			name = Debug;
		};
		B03E6FB32D6CE45000DE1485 /* Release */ = {
			isa = XCBuildConfiguration;
			buildSettings = {
				ASSETCATALOG_COMPILER_APPICON_NAME = AppIcon;
				ASSETCATALOG_COMPILER_GLOBAL_ACCENT_COLOR_NAME = AccentColor;
				CODE_SIGN_STYLE = Automatic;
				CURRENT_PROJECT_VERSION = 1;
				DEVELOPMENT_ASSET_PATHS = "\"LigasEcApp/Utils/Preview Content\"";
				DEVELOPMENT_TEAM = 73PPY9ST8Z;
				ENABLE_PREVIEWS = YES;
				GENERATE_INFOPLIST_FILE = YES;
				INFOPLIST_FILE = LigasEcApp/Info.plist;
				INFOPLIST_KEY_CFBundleDisplayName = LigasEc;
				INFOPLIST_KEY_UIApplicationSceneManifest_Generation = YES;
				INFOPLIST_KEY_UIApplicationSupportsIndirectInputEvents = YES;
				INFOPLIST_KEY_UISupportedInterfaceOrientations = UIInterfaceOrientationPortrait;
				INFOPLIST_KEY_UISupportedInterfaceOrientations_iPad = "UIInterfaceOrientationLandscapeLeft UIInterfaceOrientationLandscapeRight UIInterfaceOrientationPortrait UIInterfaceOrientationPortraitUpsideDown";
				IPHONEOS_DEPLOYMENT_TARGET = 17.0;
				LD_RUNPATH_SEARCH_PATHS = (
					"$(inherited)",
					"@executable_path/Frameworks",
				);
				MARKETING_VERSION = 1.0;
				PRODUCT_BUNDLE_IDENTIFIER = com.joseb91.LigasEc;
				PRODUCT_NAME = "$(TARGET_NAME)";
				SUPPORTED_PLATFORMS = "iphoneos iphonesimulator";
				SUPPORTS_MACCATALYST = NO;
				SUPPORTS_MAC_DESIGNED_FOR_IPHONE_IPAD = NO;
				SUPPORTS_XR_DESIGNED_FOR_IPHONE_IPAD = NO;
				SWIFT_EMIT_LOC_STRINGS = YES;
				SWIFT_VERSION = 5.0;
				TARGETED_DEVICE_FAMILY = 1;
			};
			name = Release;
		};
		B03E6FB52D6CE45000DE1485 /* Debug */ = {
			isa = XCBuildConfiguration;
			buildSettings = {
				BUNDLE_LOADER = "$(TEST_HOST)";
				CODE_SIGN_STYLE = Automatic;
				CURRENT_PROJECT_VERSION = 1;
				GENERATE_INFOPLIST_FILE = YES;
				IPHONEOS_DEPLOYMENT_TARGET = 17.5;
				MARKETING_VERSION = 1.0;
				PRODUCT_BUNDLE_IDENTIFIER = com.joseb91.LigasEcTests;
				PRODUCT_NAME = "$(TARGET_NAME)";
				SWIFT_EMIT_LOC_STRINGS = NO;
				SWIFT_VERSION = 5.0;
				TARGETED_DEVICE_FAMILY = "1,2";
				TEST_HOST = "$(BUILT_PRODUCTS_DIR)/LigasEcApp.app/$(BUNDLE_EXECUTABLE_FOLDER_PATH)/LigasEcApp";
			};
			name = Debug;
		};
		B03E6FB62D6CE45000DE1485 /* Release */ = {
			isa = XCBuildConfiguration;
			buildSettings = {
				BUNDLE_LOADER = "$(TEST_HOST)";
				CODE_SIGN_STYLE = Automatic;
				CURRENT_PROJECT_VERSION = 1;
				GENERATE_INFOPLIST_FILE = YES;
				IPHONEOS_DEPLOYMENT_TARGET = 17.5;
				MARKETING_VERSION = 1.0;
				PRODUCT_BUNDLE_IDENTIFIER = com.joseb91.LigasEcTests;
				PRODUCT_NAME = "$(TARGET_NAME)";
				SWIFT_EMIT_LOC_STRINGS = NO;
				SWIFT_VERSION = 5.0;
				TARGETED_DEVICE_FAMILY = "1,2";
				TEST_HOST = "$(BUILT_PRODUCTS_DIR)/LigasEcApp.app/$(BUNDLE_EXECUTABLE_FOLDER_PATH)/LigasEcApp";
			};
			name = Release;
		};
/* End XCBuildConfiguration section */

/* Begin XCConfigurationList section */
		B03E6F882D6CE44F00DE1485 /* Build configuration list for PBXProject "LigasEcApp" */ = {
			isa = XCConfigurationList;
			buildConfigurations = (
				B03E6FAF2D6CE45000DE1485 /* Debug */,
				B03E6FB02D6CE45000DE1485 /* Release */,
			);
			defaultConfigurationIsVisible = 0;
			defaultConfigurationName = Release;
		};
		B03E6FB12D6CE45000DE1485 /* Build configuration list for PBXNativeTarget "LigasEcApp" */ = {
			isa = XCConfigurationList;
			buildConfigurations = (
				B03E6FB22D6CE45000DE1485 /* Debug */,
				B03E6FB32D6CE45000DE1485 /* Release */,
			);
			defaultConfigurationIsVisible = 0;
			defaultConfigurationName = Release;
		};
		B03E6FB42D6CE45000DE1485 /* Build configuration list for PBXNativeTarget "LigasEcAppTests" */ = {
			isa = XCConfigurationList;
			buildConfigurations = (
				B03E6FB52D6CE45000DE1485 /* Debug */,
				B03E6FB62D6CE45000DE1485 /* Release */,
			);
			defaultConfigurationIsVisible = 0;
			defaultConfigurationName = Release;
		};
/* End XCConfigurationList section */

/* Begin XCVersionGroup section */
		B05361622D821B3300BE41F0 /* LigasEcStore.xcdatamodeld */ = {
			isa = XCVersionGroup;
			children = (
				B05361872D821B3300BE41F0 /* LigasEcStore.xcdatamodel */,
			);
			currentVersion = B05361872D821B3300BE41F0 /* LigasEcStore.xcdatamodel */;
			path = LigasEcStore.xcdatamodeld;
			sourceTree = "<group>";
			versionGroupType = wrapper.xcdatamodel;
		};
/* End XCVersionGroup section */
	};
	rootObject = B03E6F852D6CE44F00DE1485 /* Project object */;
}
