// !$*UTF8*$!
{
	archiveVersion = 1;
	classes = {
	};
	objectVersion = 77;
	objects = {

/* Begin PBXBuildFile section */
		B095811A2D6CE61400C4B206 /* LigasEcAPI.framework in Frameworks */ = {isa = PBXBuildFile; fileRef = B09581162D6CE59100C4B206 /* LigasEcAPI.framework */; };
		B095811B2D6CE61400C4B206 /* LigasEcAPI.framework in Embed Frameworks */ = {isa = PBXBuildFile; fileRef = B09581162D6CE59100C4B206 /* LigasEcAPI.framework */; settings = {ATTRIBUTES = (CodeSignOnCopy, RemoveHeadersOnCopy, ); }; };
		B09583B32D6CEB0900C4B206 /* SharedAPI.framework in Frameworks */ = {isa = PBXBuildFile; fileRef = B09581122D6CE59100C4B206 /* SharedAPI.framework */; };
		B09583B42D6CEB0900C4B206 /* SharedAPI.framework in Embed Frameworks */ = {isa = PBXBuildFile; fileRef = B09581122D6CE59100C4B206 /* SharedAPI.framework */; settings = {ATTRIBUTES = (CodeSignOnCopy, RemoveHeadersOnCopy, ); }; };
/* End PBXBuildFile section */

/* Begin PBXContainerItemProxy section */
		B03E6F9E2D6CE45000DE1485 /* PBXContainerItemProxy */ = {
			isa = PBXContainerItemProxy;
			containerPortal = B03E6F852D6CE44F00DE1485 /* Project object */;
			proxyType = 1;
			remoteGlobalIDString = B03E6F8C2D6CE44F00DE1485;
			remoteInfo = LigasEcApp;
		};
		B09581112D6CE59100C4B206 /* PBXContainerItemProxy */ = {
			isa = PBXContainerItemProxy;
			containerPortal = B09581082D6CE59100C4B206 /* LigasEcAPI.xcodeproj */;
			proxyType = 2;
			remoteGlobalIDString = B01EB4AE2D681E2500859916;
			remoteInfo = SharedAPI;
		};
		B09581152D6CE59100C4B206 /* PBXContainerItemProxy */ = {
			isa = PBXContainerItemProxy;
			containerPortal = B09581082D6CE59100C4B206 /* LigasEcAPI.xcodeproj */;
			proxyType = 2;
			remoteGlobalIDString = B00CDFDD2D6C150C00050613;
			remoteInfo = LigasEcAPI;
		};
/* End PBXContainerItemProxy section */

/* Begin PBXCopyFilesBuildPhase section */
		B095811C2D6CE61400C4B206 /* Embed Frameworks */ = {
			isa = PBXCopyFilesBuildPhase;
			buildActionMask = 2147483647;
			dstPath = "";
			dstSubfolderSpec = 10;
			files = (
				B09583B42D6CEB0900C4B206 /* SharedAPI.framework in Embed Frameworks */,
				B095811B2D6CE61400C4B206 /* LigasEcAPI.framework in Embed Frameworks */,
			);
			name = "Embed Frameworks";
			runOnlyForDeploymentPostprocessing = 0;
		};
/* End PBXCopyFilesBuildPhase section */

/* Begin PBXFileReference section */
		B03E6F8D2D6CE44F00DE1485 /* LigasEcApp.app */ = {isa = PBXFileReference; explicitFileType = wrapper.application; includeInIndex = 0; path = LigasEcApp.app; sourceTree = BUILT_PRODUCTS_DIR; };
		B03E6F9D2D6CE45000DE1485 /* LigasEcAppTests.xctest */ = {isa = PBXFileReference; explicitFileType = wrapper.cfbundle; includeInIndex = 0; path = LigasEcAppTests.xctest; sourceTree = BUILT_PRODUCTS_DIR; };
		B09581082D6CE59100C4B206 /* LigasEcAPI.xcodeproj */ = {isa = PBXFileReference; lastKnownFileType = "wrapper.pb-project"; name = LigasEcAPI.xcodeproj; path = ../LigasEcAPI/LigasEcAPI.xcodeproj; sourceTree = SOURCE_ROOT; };
/* End PBXFileReference section */

/* Begin PBXFileSystemSynchronizedBuildFileExceptionSet section */
		B09584212D6E382600C4B206 /* Exceptions for "LigasEcApp" folder in "LigasEcApp" target */ = {
			isa = PBXFileSystemSynchronizedBuildFileExceptionSet;
			membershipExceptions = (
				Info.plist,
			);
			target = B03E6F8C2D6CE44F00DE1485 /* LigasEcApp */;
		};
/* End PBXFileSystemSynchronizedBuildFileExceptionSet section */

/* Begin PBXFileSystemSynchronizedRootGroup section */
		B03E6F8F2D6CE44F00DE1485 /* LigasEcApp */ = {
			isa = PBXFileSystemSynchronizedRootGroup;
			exceptions = (
				B09584212D6E382600C4B206 /* Exceptions for "LigasEcApp" folder in "LigasEcApp" target */,
			);
			path = LigasEcApp;
			sourceTree = "<group>";
		};
		B03E6FA02D6CE45000DE1485 /* LigasEcAppTests */ = {
			isa = PBXFileSystemSynchronizedRootGroup;
			path = LigasEcAppTests;
			sourceTree = "<group>";
		};
/* End PBXFileSystemSynchronizedRootGroup section */

/* Begin PBXFrameworksBuildPhase section */
		B03E6F8A2D6CE44F00DE1485 /* Frameworks */ = {
			isa = PBXFrameworksBuildPhase;
			buildActionMask = 2147483647;
			files = (
				B09583B32D6CEB0900C4B206 /* SharedAPI.framework in Frameworks */,
				B095811A2D6CE61400C4B206 /* LigasEcAPI.framework in Frameworks */,
			);
			runOnlyForDeploymentPostprocessing = 0;
		};
		B03E6F9A2D6CE45000DE1485 /* Frameworks */ = {
			isa = PBXFrameworksBuildPhase;
			buildActionMask = 2147483647;
			files = (
			);
			runOnlyForDeploymentPostprocessing = 0;
		};
/* End PBXFrameworksBuildPhase section */

/* Begin PBXGroup section */
		B03E6F842D6CE44F00DE1485 = {
			isa = PBXGroup;
			children = (
				B09581082D6CE59100C4B206 /* LigasEcAPI.xcodeproj */,
				B03E6F8F2D6CE44F00DE1485 /* LigasEcApp */,
				B03E6FA02D6CE45000DE1485 /* LigasEcAppTests */,
				B09581192D6CE61400C4B206 /* Frameworks */,
				B03E6F8E2D6CE44F00DE1485 /* Products */,
			);
			sourceTree = "<group>";
		};
		B03E6F8E2D6CE44F00DE1485 /* Products */ = {
			isa = PBXGroup;
			children = (
				B03E6F8D2D6CE44F00DE1485 /* LigasEcApp.app */,
				B03E6F9D2D6CE45000DE1485 /* LigasEcAppTests.xctest */,
			);
			name = Products;
			sourceTree = "<group>";
		};
		B095810B2D6CE59100C4B206 /* Products */ = {
			isa = PBXGroup;
			children = (
				B09581122D6CE59100C4B206 /* SharedAPI.framework */,
				B09581162D6CE59100C4B206 /* LigasEcAPI.framework */,
			);
			name = Products;
			sourceTree = "<group>";
		};
		B09581192D6CE61400C4B206 /* Frameworks */ = {
			isa = PBXGroup;
			children = (
			);
			name = Frameworks;
			sourceTree = "<group>";
		};
/* End PBXGroup section */

/* Begin PBXNativeTarget section */
		B03E6F8C2D6CE44F00DE1485 /* LigasEcApp */ = {
			isa = PBXNativeTarget;
			buildConfigurationList = B03E6FB12D6CE45000DE1485 /* Build configuration list for PBXNativeTarget "LigasEcApp" */;
			buildPhases = (
				B03E6F892D6CE44F00DE1485 /* Sources */,
				B03E6F8A2D6CE44F00DE1485 /* Frameworks */,
				B03E6F8B2D6CE44F00DE1485 /* Resources */,
				B095811C2D6CE61400C4B206 /* Embed Frameworks */,
			);
			buildRules = (
			);
			dependencies = (
			);
			fileSystemSynchronizedGroups = (
				B03E6F8F2D6CE44F00DE1485 /* LigasEcApp */,
			);
			name = LigasEcApp;
			packageProductDependencies = (
			);
			productName = LigasEcApp;
			productReference = B03E6F8D2D6CE44F00DE1485 /* LigasEcApp.app */;
			productType = "com.apple.product-type.application";
		};
		B03E6F9C2D6CE45000DE1485 /* LigasEcAppTests */ = {
			isa = PBXNativeTarget;
			buildConfigurationList = B03E6FB42D6CE45000DE1485 /* Build configuration list for PBXNativeTarget "LigasEcAppTests" */;
			buildPhases = (
				B03E6F992D6CE45000DE1485 /* Sources */,
				B03E6F9A2D6CE45000DE1485 /* Frameworks */,
				B03E6F9B2D6CE45000DE1485 /* Resources */,
			);
			buildRules = (
			);
			dependencies = (
				B03E6F9F2D6CE45000DE1485 /* PBXTargetDependency */,
			);
			fileSystemSynchronizedGroups = (
				B03E6FA02D6CE45000DE1485 /* LigasEcAppTests */,
			);
			name = LigasEcAppTests;
			packageProductDependencies = (
			);
			productName = LigasEcAppTests;
			productReference = B03E6F9D2D6CE45000DE1485 /* LigasEcAppTests.xctest */;
			productType = "com.apple.product-type.bundle.unit-test";
		};
/* End PBXNativeTarget section */

/* Begin PBXProject section */
		B03E6F852D6CE44F00DE1485 /* Project object */ = {
			isa = PBXProject;
			attributes = {
				BuildIndependentTargetsInParallel = 1;
				LastSwiftUpdateCheck = 1620;
				LastUpgradeCheck = 1620;
				TargetAttributes = {
					B03E6F8C2D6CE44F00DE1485 = {
						CreatedOnToolsVersion = 16.2;
					};
					B03E6F9C2D6CE45000DE1485 = {
						CreatedOnToolsVersion = 16.2;
						TestTargetID = B03E6F8C2D6CE44F00DE1485;
					};
				};
			};
			buildConfigurationList = B03E6F882D6CE44F00DE1485 /* Build configuration list for PBXProject "LigasEcApp" */;
			developmentRegion = "es-419";
			hasScannedForEncodings = 0;
			knownRegions = (
				en,
				Base,
				"es-419",
			);
			mainGroup = B03E6F842D6CE44F00DE1485;
			minimizedProjectReferenceProxies = 1;
			preferredProjectObjectVersion = 77;
			productRefGroup = B03E6F8E2D6CE44F00DE1485 /* Products */;
			projectDirPath = "";
			projectReferences = (
				{
					ProductGroup = B095810B2D6CE59100C4B206 /* Products */;
					ProjectRef = B09581082D6CE59100C4B206 /* LigasEcAPI.xcodeproj */;
				},
			);
			projectRoot = "";
			targets = (
				B03E6F8C2D6CE44F00DE1485 /* LigasEcApp */,
				B03E6F9C2D6CE45000DE1485 /* LigasEcAppTests */,
			);
		};
/* End PBXProject section */

/* Begin PBXReferenceProxy section */
		B09581122D6CE59100C4B206 /* SharedAPI.framework */ = {
			isa = PBXReferenceProxy;
			fileType = wrapper.framework;
			path = SharedAPI.framework;
			remoteRef = B09581112D6CE59100C4B206 /* PBXContainerItemProxy */;
			sourceTree = BUILT_PRODUCTS_DIR;
		};
		B09581162D6CE59100C4B206 /* LigasEcAPI.framework */ = {
			isa = PBXReferenceProxy;
			fileType = wrapper.framework;
			path = LigasEcAPI.framework;
			remoteRef = B09581152D6CE59100C4B206 /* PBXContainerItemProxy */;
			sourceTree = BUILT_PRODUCTS_DIR;
		};
/* End PBXReferenceProxy section */

/* Begin PBXResourcesBuildPhase section */
		B03E6F8B2D6CE44F00DE1485 /* Resources */ = {
			isa = PBXResourcesBuildPhase;
			buildActionMask = 2147483647;
			files = (
			);
			runOnlyForDeploymentPostprocessing = 0;
		};
		B03E6F9B2D6CE45000DE1485 /* Resources */ = {
			isa = PBXResourcesBuildPhase;
			buildActionMask = 2147483647;
			files = (
			);
			runOnlyForDeploymentPostprocessing = 0;
		};
/* End PBXResourcesBuildPhase section */

/* Begin PBXSourcesBuildPhase section */
		B03E6F892D6CE44F00DE1485 /* Sources */ = {
			isa = PBXSourcesBuildPhase;
			buildActionMask = 2147483647;
			files = (
			);
			runOnlyForDeploymentPostprocessing = 0;
		};
		B03E6F992D6CE45000DE1485 /* Sources */ = {
			isa = PBXSourcesBuildPhase;
			buildActionMask = 2147483647;
			files = (
			);
			runOnlyForDeploymentPostprocessing = 0;
		};
/* End PBXSourcesBuildPhase section */

/* Begin PBXTargetDependency section */
		B03E6F9F2D6CE45000DE1485 /* PBXTargetDependency */ = {
			isa = PBXTargetDependency;
			target = B03E6F8C2D6CE44F00DE1485 /* LigasEcApp */;
			targetProxy = B03E6F9E2D6CE45000DE1485 /* PBXContainerItemProxy */;
		};
/* End PBXTargetDependency section */

/* Begin XCBuildConfiguration section */
		B03E6FAF2D6CE45000DE1485 /* Debug */ = {
			isa = XCBuildConfiguration;
			baseConfigurationReferenceAnchor = B03E6F8F2D6CE44F00DE1485 /* LigasEcApp */;
			baseConfigurationReferenceRelativePath = Config.xcconfig;
			buildSettings = {
				ALWAYS_SEARCH_USER_PATHS = NO;
				ASSETCATALOG_COMPILER_GENERATE_SWIFT_ASSET_SYMBOL_EXTENSIONS = YES;
				CLANG_ANALYZER_NONNULL = YES;
				CLANG_ANALYZER_NUMBER_OBJECT_CONVERSION = YES_AGGRESSIVE;
				CLANG_CXX_LANGUAGE_STANDARD = "gnu++20";
				CLANG_ENABLE_MODULES = YES;
				CLANG_ENABLE_OBJC_ARC = YES;
				CLANG_ENABLE_OBJC_WEAK = YES;
				CLANG_WARN_BLOCK_CAPTURE_AUTORELEASING = YES;
				CLANG_WARN_BOOL_CONVERSION = YES;
				CLANG_WARN_COMMA = YES;
				CLANG_WARN_CONSTANT_CONVERSION = YES;
				CLANG_WARN_DEPRECATED_OBJC_IMPLEMENTATIONS = YES;
				CLANG_WARN_DIRECT_OBJC_ISA_USAGE = YES_ERROR;
				CLANG_WARN_DOCUMENTATION_COMMENTS = YES;
				CLANG_WARN_EMPTY_BODY = YES;
				CLANG_WARN_ENUM_CONVERSION = YES;
				CLANG_WARN_INFINITE_RECURSION = YES;
				CLANG_WARN_INT_CONVERSION = YES;
				CLANG_WARN_NON_LITERAL_NULL_CONVERSION = YES;
				CLANG_WARN_OBJC_IMPLICIT_RETAIN_SELF = YES;
				CLANG_WARN_OBJC_LITERAL_CONVERSION = YES;
				CLANG_WARN_OBJC_ROOT_CLASS = YES_ERROR;
				CLANG_WARN_QUOTED_INCLUDE_IN_FRAMEWORK_HEADER = YES;
				CLANG_WARN_RANGE_LOOP_ANALYSIS = YES;
				CLANG_WARN_STRICT_PROTOTYPES = YES;
				CLANG_WARN_SUSPICIOUS_MOVE = YES;
				CLANG_WARN_UNGUARDED_AVAILABILITY = YES_AGGRESSIVE;
				CLANG_WARN_UNREACHABLE_CODE = YES;
				CLANG_WARN__DUPLICATE_METHOD_MATCH = YES;
				COPY_PHASE_STRIP = NO;
				DEBUG_INFORMATION_FORMAT = dwarf;
				ENABLE_STRICT_OBJC_MSGSEND = YES;
				ENABLE_TESTABILITY = YES;
				ENABLE_USER_SCRIPT_SANDBOXING = YES;
				GCC_C_LANGUAGE_STANDARD = gnu17;
				GCC_DYNAMIC_NO_PIC = NO;
				GCC_NO_COMMON_BLOCKS = YES;
				GCC_OPTIMIZATION_LEVEL = 0;
				GCC_PREPROCESSOR_DEFINITIONS = (
					"DEBUG=1",
					"$(inherited)",
				);
				GCC_WARN_64_TO_32_BIT_CONVERSION = YES;
				GCC_WARN_ABOUT_RETURN_TYPE = YES_ERROR;
				GCC_WARN_UNDECLARED_SELECTOR = YES;
				GCC_WARN_UNINITIALIZED_AUTOS = YES_AGGRESSIVE;
				GCC_WARN_UNUSED_FUNCTION = YES;
				GCC_WARN_UNUSED_VARIABLE = YES;
				IPHONEOS_DEPLOYMENT_TARGET = 18.2;
				LOCALIZATION_PREFERS_STRING_CATALOGS = YES;
				MTL_ENABLE_DEBUG_INFO = INCLUDE_SOURCE;
				MTL_FAST_MATH = YES;
				ONLY_ACTIVE_ARCH = YES;
				SDKROOT = iphoneos;
				SWIFT_ACTIVE_COMPILATION_CONDITIONS = "DEBUG $(inherited)";
				SWIFT_EMIT_LOC_STRINGS = YES;
				SWIFT_OPTIMIZATION_LEVEL = "-Onone";
			};
			name = Debug;
		};
		B03E6FB02D6CE45000DE1485 /* Release */ = {
			isa = XCBuildConfiguration;
			baseConfigurationReferenceAnchor = B03E6F8F2D6CE44F00DE1485 /* LigasEcApp */;
			baseConfigurationReferenceRelativePath = Config.xcconfig;
			buildSettings = {
				ALWAYS_SEARCH_USER_PATHS = NO;
				ASSETCATALOG_COMPILER_GENERATE_SWIFT_ASSET_SYMBOL_EXTENSIONS = YES;
				CLANG_ANALYZER_NONNULL = YES;
				CLANG_ANALYZER_NUMBER_OBJECT_CONVERSION = YES_AGGRESSIVE;
				CLANG_CXX_LANGUAGE_STANDARD = "gnu++20";
				CLANG_ENABLE_MODULES = YES;
				CLANG_ENABLE_OBJC_ARC = YES;
				CLANG_ENABLE_OBJC_WEAK = YES;
				CLANG_WARN_BLOCK_CAPTURE_AUTORELEASING = YES;
				CLANG_WARN_BOOL_CONVERSION = YES;
				CLANG_WARN_COMMA = YES;
				CLANG_WARN_CONSTANT_CONVERSION = YES;
				CLANG_WARN_DEPRECATED_OBJC_IMPLEMENTATIONS = YES;
				CLANG_WARN_DIRECT_OBJC_ISA_USAGE = YES_ERROR;
				CLANG_WARN_DOCUMENTATION_COMMENTS = YES;
				CLANG_WARN_EMPTY_BODY = YES;
				CLANG_WARN_ENUM_CONVERSION = YES;
				CLANG_WARN_INFINITE_RECURSION = YES;
				CLANG_WARN_INT_CONVERSION = YES;
				CLANG_WARN_NON_LITERAL_NULL_CONVERSION = YES;
				CLANG_WARN_OBJC_IMPLICIT_RETAIN_SELF = YES;
				CLANG_WARN_OBJC_LITERAL_CONVERSION = YES;
				CLANG_WARN_OBJC_ROOT_CLASS = YES_ERROR;
				CLANG_WARN_QUOTED_INCLUDE_IN_FRAMEWORK_HEADER = YES;
				CLANG_WARN_RANGE_LOOP_ANALYSIS = YES;
				CLANG_WARN_STRICT_PROTOTYPES = YES;
				CLANG_WARN_SUSPICIOUS_MOVE = YES;
				CLANG_WARN_UNGUARDED_AVAILABILITY = YES_AGGRESSIVE;
				CLANG_WARN_UNREACHABLE_CODE = YES;
				CLANG_WARN__DUPLICATE_METHOD_MATCH = YES;
				COPY_PHASE_STRIP = NO;
				DEBUG_INFORMATION_FORMAT = "dwarf-with-dsym";
				ENABLE_NS_ASSERTIONS = NO;
				ENABLE_STRICT_OBJC_MSGSEND = YES;
				ENABLE_USER_SCRIPT_SANDBOXING = YES;
				GCC_C_LANGUAGE_STANDARD = gnu17;
				GCC_NO_COMMON_BLOCKS = YES;
				GCC_WARN_64_TO_32_BIT_CONVERSION = YES;
				GCC_WARN_ABOUT_RETURN_TYPE = YES_ERROR;
				GCC_WARN_UNDECLARED_SELECTOR = YES;
				GCC_WARN_UNINITIALIZED_AUTOS = YES_AGGRESSIVE;
				GCC_WARN_UNUSED_FUNCTION = YES;
				GCC_WARN_UNUSED_VARIABLE = YES;
				IPHONEOS_DEPLOYMENT_TARGET = 18.2;
				LOCALIZATION_PREFERS_STRING_CATALOGS = YES;
				MTL_ENABLE_DEBUG_INFO = NO;
				MTL_FAST_MATH = YES;
				SDKROOT = iphoneos;
				SWIFT_COMPILATION_MODE = wholemodule;
				SWIFT_EMIT_LOC_STRINGS = YES;
				VALIDATE_PRODUCT = YES;
			};
			name = Release;
		};
		B03E6FB22D6CE45000DE1485 /* Debug */ = {
			isa = XCBuildConfiguration;
			baseConfigurationReferenceAnchor = B03E6F8F2D6CE44F00DE1485 /* LigasEcApp */;
			baseConfigurationReferenceRelativePath = Config.xcconfig;
			buildSettings = {
				ASSETCATALOG_COMPILER_APPICON_NAME = AppIcon;
				ASSETCATALOG_COMPILER_GLOBAL_ACCENT_COLOR_NAME = AccentColor;
				CODE_SIGN_STYLE = Automatic;
				CURRENT_PROJECT_VERSION = 1;
				DEVELOPMENT_ASSET_PATHS = "\"LigasEcApp/Utils/Preview Content\"";
				DEVELOPMENT_TEAM = 9V3336X7NB;
				ENABLE_PREVIEWS = YES;
				GENERATE_INFOPLIST_FILE = YES;
				INFOPLIST_FILE = LigasEcApp/Info.plist;
				INFOPLIST_KEY_CFBundleDisplayName = LigasEc;
				INFOPLIST_KEY_UIApplicationSceneManifest_Generation = YES;
				INFOPLIST_KEY_UIApplicationSupportsIndirectInputEvents = YES;
				INFOPLIST_KEY_UILaunchScreen_Generation = YES;
				INFOPLIST_KEY_UISupportedInterfaceOrientations = UIInterfaceOrientationPortrait;
				IPHONEOS_DEPLOYMENT_TARGET = 17.5;
				LD_RUNPATH_SEARCH_PATHS = (
					"$(inherited)",
					"@executable_path/Frameworks",
				);
				MARKETING_VERSION = 1.0;
				PRODUCT_BUNDLE_IDENTIFIER = com.joseb91.LigasEcApp;
				PRODUCT_NAME = "$(TARGET_NAME)";
				SUPPORTED_PLATFORMS = "iphoneos iphonesimulator";
				SUPPORTS_MACCATALYST = NO;
				SUPPORTS_MAC_DESIGNED_FOR_IPHONE_IPAD = NO;
				SUPPORTS_XR_DESIGNED_FOR_IPHONE_IPAD = NO;
				SWIFT_EMIT_LOC_STRINGS = YES;
				SWIFT_VERSION = 5.0;
				TARGETED_DEVICE_FAMILY = "1,2";
			};
			name = Debug;
		};
		B03E6FB32D6CE45000DE1485 /* Release */ = {
			isa = XCBuildConfiguration;
			baseConfigurationReferenceAnchor = B03E6F8F2D6CE44F00DE1485 /* LigasEcApp */;
			baseConfigurationReferenceRelativePath = Config.xcconfig;
			buildSettings = {
				ASSETCATALOG_COMPILER_APPICON_NAME = AppIcon;
				ASSETCATALOG_COMPILER_GLOBAL_ACCENT_COLOR_NAME = AccentColor;
				CODE_SIGN_STYLE = Automatic;
				CURRENT_PROJECT_VERSION = 1;
				DEVELOPMENT_ASSET_PATHS = "\"LigasEcApp/Utils/Preview Content\"";
				DEVELOPMENT_TEAM = 9V3336X7NB;
				ENABLE_PREVIEWS = YES;
				GENERATE_INFOPLIST_FILE = YES;
				INFOPLIST_FILE = LigasEcApp/Info.plist;
				INFOPLIST_KEY_CFBundleDisplayName = LigasEc;
				INFOPLIST_KEY_UIApplicationSceneManifest_Generation = YES;
				INFOPLIST_KEY_UIApplicationSupportsIndirectInputEvents = YES;
				INFOPLIST_KEY_UILaunchScreen_Generation = YES;
				INFOPLIST_KEY_UISupportedInterfaceOrientations = UIInterfaceOrientationPortrait;
				IPHONEOS_DEPLOYMENT_TARGET = 17.5;
				LD_RUNPATH_SEARCH_PATHS = (
					"$(inherited)",
					"@executable_path/Frameworks",
				);
				MARKETING_VERSION = 1.0;
				PRODUCT_BUNDLE_IDENTIFIER = com.joseb91.LigasEcApp;
				PRODUCT_NAME = "$(TARGET_NAME)";
				SUPPORTED_PLATFORMS = "iphoneos iphonesimulator";
				SUPPORTS_MACCATALYST = NO;
				SUPPORTS_MAC_DESIGNED_FOR_IPHONE_IPAD = NO;
				SUPPORTS_XR_DESIGNED_FOR_IPHONE_IPAD = NO;
				SWIFT_EMIT_LOC_STRINGS = YES;
				SWIFT_VERSION = 5.0;
				TARGETED_DEVICE_FAMILY = "1,2";
			};
			name = Release;
		};
		B03E6FB52D6CE45000DE1485 /* Debug */ = {
			isa = XCBuildConfiguration;
			buildSettings = {
				BUNDLE_LOADER = "$(TEST_HOST)";
				CODE_SIGN_STYLE = Automatic;
				CURRENT_PROJECT_VERSION = 1;
				DEVELOPMENT_TEAM = 9V3336X7NB;
				GENERATE_INFOPLIST_FILE = YES;
				IPHONEOS_DEPLOYMENT_TARGET = 17.5;
				MARKETING_VERSION = 1.0;
				PRODUCT_BUNDLE_IDENTIFIER = com.joseb91.LigasEcAppTests;
				PRODUCT_NAME = "$(TARGET_NAME)";
				SWIFT_EMIT_LOC_STRINGS = NO;
				SWIFT_VERSION = 5.0;
				TARGETED_DEVICE_FAMILY = "1,2";
				TEST_HOST = "$(BUILT_PRODUCTS_DIR)/LigasEcApp.app/$(BUNDLE_EXECUTABLE_FOLDER_PATH)/LigasEcApp";
			};
			name = Debug;
		};
		B03E6FB62D6CE45000DE1485 /* Release */ = {
			isa = XCBuildConfiguration;
			buildSettings = {
				BUNDLE_LOADER = "$(TEST_HOST)";
				CODE_SIGN_STYLE = Automatic;
				CURRENT_PROJECT_VERSION = 1;
				DEVELOPMENT_TEAM = 9V3336X7NB;
				GENERATE_INFOPLIST_FILE = YES;
				IPHONEOS_DEPLOYMENT_TARGET = 17.5;
				MARKETING_VERSION = 1.0;
				PRODUCT_BUNDLE_IDENTIFIER = com.joseb91.LigasEcAppTests;
				PRODUCT_NAME = "$(TARGET_NAME)";
				SWIFT_EMIT_LOC_STRINGS = NO;
				SWIFT_VERSION = 5.0;
				TARGETED_DEVICE_FAMILY = "1,2";
				TEST_HOST = "$(BUILT_PRODUCTS_DIR)/LigasEcApp.app/$(BUNDLE_EXECUTABLE_FOLDER_PATH)/LigasEcApp";
			};
			name = Release;
		};
/* End XCBuildConfiguration section */

/* Begin XCConfigurationList section */
		B03E6F882D6CE44F00DE1485 /* Build configuration list for PBXProject "LigasEcApp" */ = {
			isa = XCConfigurationList;
			buildConfigurations = (
				B03E6FAF2D6CE45000DE1485 /* Debug */,
				B03E6FB02D6CE45000DE1485 /* Release */,
			);
			defaultConfigurationIsVisible = 0;
			defaultConfigurationName = Release;
		};
		B03E6FB12D6CE45000DE1485 /* Build configuration list for PBXNativeTarget "LigasEcApp" */ = {
			isa = XCConfigurationList;
			buildConfigurations = (
				B03E6FB22D6CE45000DE1485 /* Debug */,
				B03E6FB32D6CE45000DE1485 /* Release */,
			);
			defaultConfigurationIsVisible = 0;
			defaultConfigurationName = Release;
		};
		B03E6FB42D6CE45000DE1485 /* Build configuration list for PBXNativeTarget "LigasEcAppTests" */ = {
			isa = XCConfigurationList;
			buildConfigurations = (
				B03E6FB52D6CE45000DE1485 /* Debug */,
				B03E6FB62D6CE45000DE1485 /* Release */,
			);
			defaultConfigurationIsVisible = 0;
			defaultConfigurationName = Release;
		};
/* End XCConfigurationList section */
	};
	rootObject = B03E6F852D6CE44F00DE1485 /* Project object */;
}
